
Microsoft Visual Studio Solution File, Format Version 12.00
# Visual Studio Version 17
VisualStudioVersion = 17.0.31903.59
MinimumVisualStudioVersion = 10.0.40219.1
Project("{9A19103F-16F7-4668-BE54-9A1E7A4F7556}") = "Skybrud.Umbraco.Feedback", "Skybrud.Umbraco.Feedback\Skybrud.Umbraco.Feedback.csproj", "{B9F1D48D-973C-4A0C-8DBA-4B62A762E01C}"
EndProject
Project("{2150E333-8FDC-42A3-9474-1A3956D46DE8}") = "Solution Items", "Solution Items", "{A4B56188-D32A-4F5C-B006-CCFAE1DE7377}"
	ProjectSection(SolutionItems) = preProject
		.editorconfig = .editorconfig
	EndProjectSection
EndProject
Global
	GlobalSection(SolutionConfigurationPlatforms) = preSolution
		Debug|Any CPU = Debug|Any CPU
		Release|Any CPU = Release|Any CPU
	EndGlobalSection
	GlobalSection(ProjectConfigurationPlatforms) = postSolution
		{B9F1D48D-973C-4A0C-8DBA-4B62A762E01C}.Debug|Any CPU.ActiveCfg = Debug|Any CPU
		{B9F1D48D-973C-4A0C-8DBA-4B62A762E01C}.Debug|Any CPU.Build.0 = Debug|Any CPU
		{B9F1D48D-973C-4A0C-8DBA-4B62A762E01C}.Release|Any CPU.ActiveCfg = Release|Any CPU
		{B9F1D48D-973C-4A0C-8DBA-4B62A762E01C}.Release|Any CPU.Build.0 = Release|Any CPU
	EndGlobalSection
	GlobalSection(SolutionProperties) = preSolution
		HideSolutionNode = FALSE
	EndGlobalSection
	GlobalSection(ExtensibilityGlobals) = postSolution
		SolutionGuid = {381BAD98-35DC-4F70-8CB4-3ED74F9460B1}
	EndGlobalSection
EndGlobal
